
Microsoft Visual Studio Solution File, Format Version 12.00
# Visual Studio Version 17
VisualStudioVersion = 17.9.34728.123
MinimumVisualStudioVersion = 10.0.40219.1
Project("{FAE04EC0-301F-11D3-BF4B-00C04F79EFBC}") = "BlitzVisualStudio", "BlitzVisualStudio\BlitzVisualStudio.csproj", "{E020AB6F-C25D-427F-B1ED-752653276B58}"
EndProject
Global
	GlobalSection(SolutionConfigurationPlatforms) = preSolution
		Debug|Any CPU = Debug|Any CPU
		Debug|arm64 = Debug|arm64
		Debug|x86 = Debug|x86
		Release|Any CPU = Release|Any CPU
		Release|arm64 = Release|arm64
		Release|x86 = Release|x86
	EndGlobalSection
	GlobalSection(ProjectConfigurationPlatforms) = postSolution
		{E020AB6F-C25D-427F-B1ED-752653276B58}.Debug|Any CPU.ActiveCfg = Debug|Any CPU
		{E020AB6F-C25D-427F-B1ED-752653276B58}.Debug|Any CPU.Build.0 = Debug|Any CPU
		{E020AB6F-C25D-427F-B1ED-752653276B58}.Debug|arm64.ActiveCfg = Debug|arm64
		{E020AB6F-C25D-427F-B1ED-752653276B58}.Debug|arm64.Build.0 = Debug|arm64
		{E020AB6F-C25D-427F-B1ED-752653276B58}.Debug|x86.ActiveCfg = Debug|x86
		{E020AB6F-C25D-427F-B1ED-752653276B58}.Debug|x86.Build.0 = Debug|x86
		{E020AB6F-C25D-427F-B1ED-752653276B58}.Release|Any CPU.ActiveCfg = Release|Any CPU
		{E020AB6F-C25D-427F-B1ED-752653276B58}.Release|Any CPU.Build.0 = Release|Any CPU
		{E020AB6F-C25D-427F-B1ED-752653276B58}.Release|arm64.ActiveCfg = Release|arm64
		{E020AB6F-C25D-427F-B1ED-752653276B58}.Release|arm64.Build.0 = Release|arm64
		{E020AB6F-C25D-427F-B1ED-752653276B58}.Release|x86.ActiveCfg = Release|x86
		{E020AB6F-C25D-427F-B1ED-752653276B58}.Release|x86.Build.0 = Release|x86
	EndGlobalSection
	GlobalSection(SolutionProperties) = preSolution
		HideSolutionNode = FALSE
	EndGlobalSection
	GlobalSection(ExtensibilityGlobals) = postSolution
		SolutionGuid = {1B09E5E8-5D45-4D05-92AD-5429F29A2787}
	EndGlobalSection
EndGlobal
